
Microsoft Visual Studio Solution File, Format Version 12.00
# Visual Studio Version 17
VisualStudioVersion = 17.14.37216.2 d17.14
MinimumVisualStudioVersion = 10.0.40219.1
Project("{FAE04EC0-301F-11D3-BF4B-00C04F79EFBC}") = "PlanetDetstvaAppWPF", "PlanetDetstvaAppWPF\PlanetDetstvaAppWPF.csproj", "{7137EF28-4408-445A-88D9-8B214A47BA23}"
EndProject
Global
	GlobalSection(SolutionConfigurationPlatforms) = preSolution
		Debug|Any CPU = Debug|Any CPU
		Release|Any CPU = Release|Any CPU
	EndGlobalSection
	GlobalSection(ProjectConfigurationPlatforms) = postSolution
		{7137EF28-4408-445A-88D9-8B214A47BA23}.Debug|Any CPU.ActiveCfg = Debug|Any CPU
		{7137EF28-4408-445A-88D9-8B214A47BA23}.Debug|Any CPU.Build.0 = Debug|Any CPU
		{7137EF28-4408-445A-88D9-8B214A47BA23}.Release|Any CPU.ActiveCfg = Release|Any CPU
		{7137EF28-4408-445A-88D9-8B214A47BA23}.Release|Any CPU.Build.0 = Release|Any CPU
	EndGlobalSection
	GlobalSection(SolutionProperties) = preSolution
		HideSolutionNode = FALSE
	EndGlobalSection
	GlobalSection(ExtensibilityGlobals) = postSolution
		SolutionGuid = {3316AEFE-FF65-4631-BEDB-28A0D8369BFE}
	EndGlobalSection
EndGlobal
